// !$*UTF8*$!
{
	archiveVersion = 1;
	classes = {
	};
	objectVersion = 46;
	objects = {

/* Begin PBXBuildFile section */
		113B0882210E76C70046127A /* BLEPeripheral.m in Sources */ = {isa = PBXBuildFile; fileRef = 113B0881210E76C70046127A /* BLEPeripheral.m */; };
		113B0885210E78170046127A /* BLECentralController.m in Sources */ = {isa = PBXBuildFile; fileRef = 113B0884210E78170046127A /* BLECentralController.m */; };
		113B0888210E78B30046127A /* DHSGattProfile.m in Sources */ = {isa = PBXBuildFile; fileRef = 113B0886210E78B30046127A /* DHSGattProfile.m */; };
		113B0895210E822C0046127A /* AuthView.m in Sources */ = {isa = PBXBuildFile; fileRef = 113B088C210E822C0046127A /* AuthView.m */; };
		113B0896210E822C0046127A /* CertsView.m in Sources */ = {isa = PBXBuildFile; fileRef = 113B088E210E822C0046127A /* CertsView.m */; };
		113B0897210E822C0046127A /* KeystoreView.m in Sources */ = {isa = PBXBuildFile; fileRef = 113B0890210E822C0046127A /* KeystoreView.m */; };
		113B0898210E822C0046127A /* MainViewController.m in Sources */ = {isa = PBXBuildFile; fileRef = 113B0892210E822C0046127A /* MainViewController.m */; };
		113B0899210E822C0046127A /* PACSView.m in Sources */ = {isa = PBXBuildFile; fileRef = 113B0894210E822C0046127A /* PACSView.m */; };
		11460B3F210AF90C00ABC385 /* QuartzCore.framework in Frameworks */ = {isa = PBXBuildFile; fileRef = 11460B3E210AF90B00ABC385 /* QuartzCore.framework */; };
		11DB4462210D4D1000482CDC /* BLEPeripheralController.m in Sources */ = {isa = PBXBuildFile; fileRef = 11DB4460210D4D1000482CDC /* BLEPeripheralController.m */; };
		B7D074EE2110B63F008BFF36 /* readme.txt in Resources */ = {isa = PBXBuildFile; fileRef = B7D074ED2110B63F008BFF36 /* readme.txt */; };
		B7D074F62110CA2D008BFF36 /* OTP.m in Sources */ = {isa = PBXBuildFile; fileRef = B7D074F52110CA2D008BFF36 /* OTP.m */; };
		B7D074FB2110CB9E008BFF36 /* Generate.m in Sources */ = {isa = PBXBuildFile; fileRef = B7D074FA2110CB9E008BFF36 /* Generate.m */; };
		B7D074FE2110E885008BFF36 /* libcrypto-iPhone.a in Frameworks */ = {isa = PBXBuildFile; fileRef = B7D074FD2110E885008BFF36 /* libcrypto-iPhone.a */; };
		B7D075002110E892008BFF36 /* libssl-iPhone.a in Frameworks */ = {isa = PBXBuildFile; fileRef = B7D074FF2110E892008BFF36 /* libssl-iPhone.a */; };
		B7D075042110FEC2008BFF36 /* Security.framework in Frameworks */ = {isa = PBXBuildFile; fileRef = B7D075032110FEC2008BFF36 /* Security.framework */; };
		B7D07507212611D2008BFF36 /* AppGlobals.m in Sources */ = {isa = PBXBuildFile; fileRef = B7D07506212611D2008BFF36 /* AppGlobals.m */; };
		B7D07509212C7A6D008BFF36 /* Opacity.m in Sources */ = {isa = PBXBuildFile; fileRef = B7D07508212C7A6D008BFF36 /* Opacity.m */; };
		B7D0750D212F3D54008BFF36 /* OpacityParser.m in Sources */ = {isa = PBXBuildFile; fileRef = B7D0750C212F3D54008BFF36 /* OpacityParser.m */; };
		E11246AF1FA070F10071882D /* CoreImage.framework in Frameworks */ = {isa = PBXBuildFile; fileRef = E11246AE1FA070F10071882D /* CoreImage.framework */; };
		E11246B11FA071190071882D /* CoreGraphics.framework in Frameworks */ = {isa = PBXBuildFile; fileRef = E11246B01FA071190071882D /* CoreGraphics.framework */; };
		E12922CE202028DB00213FB8 /* greenbackground@3x.jpg in Resources */ = {isa = PBXBuildFile; fileRef = E12922CD202028B500213FB8 /* greenbackground@3x.jpg */; };
		E1551C9416F4224F00186AB9 /* UIKit.framework in Frameworks */ = {isa = PBXBuildFile; fileRef = E1551C9316F4224F00186AB9 /* UIKit.framework */; };
		E1551C9616F4224F00186AB9 /* Foundation.framework in Frameworks */ = {isa = PBXBuildFile; fileRef = E1551C9516F4224F00186AB9 /* Foundation.framework */; };
		E1551CA016F4224F00186AB9 /* main.mm in Sources */ = {isa = PBXBuildFile; fileRef = E1551C9F16F4224F00186AB9 /* main.mm */; };
		E1551CA416F4224F00186AB9 /* AppDelegate.m in Sources */ = {isa = PBXBuildFile; fileRef = E1551CA316F4224F00186AB9 /* AppDelegate.m */; };
		E1551CB716F422AE00186AB9 /* CoreBluetooth.framework in Frameworks */ = {isa = PBXBuildFile; fileRef = E1551CB616F422AE00186AB9 /* CoreBluetooth.framework */; };
		E18AE1FA201EDAC2003E2728 /* x.cpp in Sources */ = {isa = PBXBuildFile; fileRef = E18AE1F9201EDAC2003E2728 /* x.cpp */; };
		E18DA37F1FA04456007871AE /* Images.xcassets in Resources */ = {isa = PBXBuildFile; fileRef = E18DA37E1FA04456007871AE /* Images.xcassets */; };
		E1B1F46520215B8700749034 /* MyApp.m in Sources */ = {isa = PBXBuildFile; fileRef = E1B1F45C20215B8200749034 /* MyApp.m */; };
		E1B1F46620215B8D00749034 /* MyButtons.m in Sources */ = {isa = PBXBuildFile; fileRef = E1B1F45E20215B8200749034 /* MyButtons.m */; };
		E1B1F46720215B8D00749034 /* MyDevice.m in Sources */ = {isa = PBXBuildFile; fileRef = E1B1F46020215B8200749034 /* MyDevice.m */; };
		E1B1F46820215B8D00749034 /* MyImages.m in Sources */ = {isa = PBXBuildFile; fileRef = E1B1F46220215B8200749034 /* MyImages.m */; };
		E1B1F46920215B8D00749034 /* UIColor_MoreColors.m in Sources */ = {isa = PBXBuildFile; fileRef = E1B1F46420215B8200749034 /* UIColor_MoreColors.m */; };
		E1E3DCD01B25788800E47FF5 /* AVFoundation.framework in Frameworks */ = {isa = PBXBuildFile; fileRef = E1E3DCCF1B25788800E47FF5 /* AVFoundation.framework */; };
		E1E897E92021651E0006164B /* Constants.m in Sources */ = {isa = PBXBuildFile; fileRef = E1E897E72021651E0006164B /* Constants.m */; };
		E1E897EC2021659A0006164B /* MyTimer.m in Sources */ = {isa = PBXBuildFile; fileRef = E1E897EB2021659A0006164B /* MyTimer.m */; };
		E1E897EF202165DA0006164B /* MyNonce.m in Sources */ = {isa = PBXBuildFile; fileRef = E1E897EE202165DA0006164B /* MyNonce.m */; };
/* End PBXBuildFile section */

/* Begin PBXFileReference section */
		113B0880210E76C70046127A /* BLEPeripheral.h */ = {isa = PBXFileReference; fileEncoding = 4; lastKnownFileType = sourcecode.c.h; path = BLEPeripheral.h; sourceTree = "<group>"; };
		113B0881210E76C70046127A /* BLEPeripheral.m */ = {isa = PBXFileReference; fileEncoding = 4; lastKnownFileType = sourcecode.c.objc; path = BLEPeripheral.m; sourceTree = "<group>"; };
		113B0883210E78170046127A /* BLECentralController.h */ = {isa = PBXFileReference; fileEncoding = 4; lastKnownFileType = sourcecode.c.h; path = BLECentralController.h; sourceTree = "<group>"; };
		113B0884210E78170046127A /* BLECentralController.m */ = {isa = PBXFileReference; fileEncoding = 4; lastKnownFileType = sourcecode.c.objc; path = BLECentralController.m; sourceTree = "<group>"; };
		113B0886210E78B30046127A /* DHSGattProfile.m */ = {isa = PBXFileReference; fileEncoding = 4; lastKnownFileType = sourcecode.c.objc; path = DHSGattProfile.m; sourceTree = "<group>"; };
		113B0887210E78B30046127A /* DHSGattProfile.h */ = {isa = PBXFileReference; fileEncoding = 4; lastKnownFileType = sourcecode.c.h; path = DHSGattProfile.h; sourceTree = "<group>"; };
		113B088B210E822C0046127A /* AuthView.h */ = {isa = PBXFileReference; fileEncoding = 4; lastKnownFileType = sourcecode.c.h; path = AuthView.h; sourceTree = "<group>"; };
		113B088C210E822C0046127A /* AuthView.m */ = {isa = PBXFileReference; fileEncoding = 4; lastKnownFileType = sourcecode.c.objc; path = AuthView.m; sourceTree = "<group>"; };
		113B088D210E822C0046127A /* CertsView.h */ = {isa = PBXFileReference; fileEncoding = 4; lastKnownFileType = sourcecode.c.h; path = CertsView.h; sourceTree = "<group>"; };
		113B088E210E822C0046127A /* CertsView.m */ = {isa = PBXFileReference; fileEncoding = 4; lastKnownFileType = sourcecode.c.objc; path = CertsView.m; sourceTree = "<group>"; };
		113B088F210E822C0046127A /* KeystoreView.h */ = {isa = PBXFileReference; fileEncoding = 4; lastKnownFileType = sourcecode.c.h; path = KeystoreView.h; sourceTree = "<group>"; };
		113B0890210E822C0046127A /* KeystoreView.m */ = {isa = PBXFileReference; fileEncoding = 4; lastKnownFileType = sourcecode.c.objc; path = KeystoreView.m; sourceTree = "<group>"; };
		113B0891210E822C0046127A /* MainViewController.h */ = {isa = PBXFileReference; fileEncoding = 4; lastKnownFileType = sourcecode.c.h; path = MainViewController.h; sourceTree = "<group>"; };
		113B0892210E822C0046127A /* MainViewController.m */ = {isa = PBXFileReference; fileEncoding = 4; lastKnownFileType = sourcecode.c.objc; path = MainViewController.m; sourceTree = "<group>"; };
		113B0893210E822C0046127A /* PACSView.h */ = {isa = PBXFileReference; fileEncoding = 4; lastKnownFileType = sourcecode.c.h; path = PACSView.h; sourceTree = "<group>"; };
		113B0894210E822C0046127A /* PACSView.m */ = {isa = PBXFileReference; fileEncoding = 4; lastKnownFileType = sourcecode.c.objc; path = PACSView.m; sourceTree = "<group>"; };
		11460B3E210AF90B00ABC385 /* QuartzCore.framework */ = {isa = PBXFileReference; lastKnownFileType = wrapper.framework; name = QuartzCore.framework; path = System/Library/Frameworks/QuartzCore.framework; sourceTree = SDKROOT; };
		11DB4460210D4D1000482CDC /* BLEPeripheralController.m */ = {isa = PBXFileReference; fileEncoding = 4; lastKnownFileType = sourcecode.c.objc; path = BLEPeripheralController.m; sourceTree = "<group>"; };
		11DB4461210D4D1000482CDC /* BLEPeripheralController.h */ = {isa = PBXFileReference; fileEncoding = 4; lastKnownFileType = sourcecode.c.h; path = BLEPeripheralController.h; sourceTree = "<group>"; };
		B7D074ED2110B63F008BFF36 /* readme.txt */ = {isa = PBXFileReference; lastKnownFileType = text; name = readme.txt; path = "SelfSignedOpacity-BLE-iOS/readme.txt"; sourceTree = "<group>"; };
		B7D074F52110CA2D008BFF36 /* OTP.m */ = {isa = PBXFileReference; lastKnownFileType = sourcecode.c.objc; path = OTP.m; sourceTree = "<group>"; };
		B7D074F72110CA42008BFF36 /* OTP.h */ = {isa = PBXFileReference; lastKnownFileType = sourcecode.c.h; path = OTP.h; sourceTree = "<group>"; };
		B7D074FA2110CB9E008BFF36 /* Generate.m */ = {isa = PBXFileReference; lastKnownFileType = sourcecode.c.objc; path = Generate.m; sourceTree = "<group>"; };
		B7D074FC2110CBAA008BFF36 /* Generate.h */ = {isa = PBXFileReference; lastKnownFileType = sourcecode.c.h; path = Generate.h; sourceTree = "<group>"; };
		B7D074FD2110E885008BFF36 /* libcrypto-iPhone.a */ = {isa = PBXFileReference; lastKnownFileType = archive.ar; name = "libcrypto-iPhone.a"; path = "OpenSSL/lib/libcrypto-iPhone.a"; sourceTree = "<group>"; };
		B7D074FF2110E892008BFF36 /* libssl-iPhone.a */ = {isa = PBXFileReference; lastKnownFileType = archive.ar; name = "libssl-iPhone.a"; path = "OpenSSL/lib/libssl-iPhone.a"; sourceTree = "<group>"; };
		B7D075032110FEC2008BFF36 /* Security.framework */ = {isa = PBXFileReference; lastKnownFileType = wrapper.framework; name = Security.framework; path = System/Library/Frameworks/Security.framework; sourceTree = SDKROOT; };
		B7D0750521234EC7008BFF36 /* AppGlobals.h */ = {isa = PBXFileReference; lastKnownFileType = sourcecode.c.h; path = AppGlobals.h; sourceTree = "<group>"; };
		B7D07506212611D2008BFF36 /* AppGlobals.m */ = {isa = PBXFileReference; lastKnownFileType = sourcecode.c.objc; path = AppGlobals.m; sourceTree = "<group>"; };
		B7D07508212C7A6D008BFF36 /* Opacity.m */ = {isa = PBXFileReference; lastKnownFileType = sourcecode.c.objc; path = Opacity.m; sourceTree = "<group>"; };
		B7D0750A212C7A79008BFF36 /* Opacity.h */ = {isa = PBXFileReference; lastKnownFileType = sourcecode.c.h; path = Opacity.h; sourceTree = "<group>"; };
		B7D0750B212F3D3C008BFF36 /* OpacityParser.h */ = {isa = PBXFileReference; lastKnownFileType = sourcecode.c.h; path = OpacityParser.h; sourceTree = "<group>"; };
		B7D0750C212F3D54008BFF36 /* OpacityParser.m */ = {isa = PBXFileReference; lastKnownFileType = sourcecode.c.objc; path = OpacityParser.m; sourceTree = "<group>"; };
		E11246AE1FA070F10071882D /* CoreImage.framework */ = {isa = PBXFileReference; lastKnownFileType = wrapper.framework; name = CoreImage.framework; path = System/Library/Frameworks/CoreImage.framework; sourceTree = SDKROOT; };
		E11246B01FA071190071882D /* CoreGraphics.framework */ = {isa = PBXFileReference; lastKnownFileType = wrapper.framework; name = CoreGraphics.framework; path = System/Library/Frameworks/CoreGraphics.framework; sourceTree = SDKROOT; };
		E12922CD202028B500213FB8 /* greenbackground@3x.jpg */ = {isa = PBXFileReference; lastKnownFileType = image.jpeg; path = "greenbackground@3x.jpg"; sourceTree = "<group>"; };
		E1551C9016F4224F00186AB9 /* SelfSignedOpacity-BLE-iOS.app */ = {isa = PBXFileReference; explicitFileType = wrapper.application; includeInIndex = 0; path = "SelfSignedOpacity-BLE-iOS.app"; sourceTree = BUILT_PRODUCTS_DIR; };
		E1551C9316F4224F00186AB9 /* UIKit.framework */ = {isa = PBXFileReference; lastKnownFileType = wrapper.framework; name = UIKit.framework; path = System/Library/Frameworks/UIKit.framework; sourceTree = SDKROOT; };
		E1551C9516F4224F00186AB9 /* Foundation.framework */ = {isa = PBXFileReference; lastKnownFileType = wrapper.framework; name = Foundation.framework; path = System/Library/Frameworks/Foundation.framework; sourceTree = SDKROOT; };
		E1551C9B16F4224F00186AB9 /* SelfSignedOpacity-BLE-iOS-Info.plist */ = {isa = PBXFileReference; lastKnownFileType = text.plist.xml; path = "SelfSignedOpacity-BLE-iOS-Info.plist"; sourceTree = "<group>"; };
		E1551C9F16F4224F00186AB9 /* main.mm */ = {isa = PBXFileReference; lastKnownFileType = sourcecode.cpp.objcpp; path = main.mm; sourceTree = "<group>"; };
		E1551CA116F4224F00186AB9 /* SelfSignedOpacity-BLE-iOS-Prefix.pch */ = {isa = PBXFileReference; lastKnownFileType = sourcecode.c.h; path = "SelfSignedOpacity-BLE-iOS-Prefix.pch"; sourceTree = "<group>"; };
		E1551CA216F4224F00186AB9 /* AppDelegate.h */ = {isa = PBXFileReference; lastKnownFileType = sourcecode.c.h; path = AppDelegate.h; sourceTree = "<group>"; };
		E1551CA316F4224F00186AB9 /* AppDelegate.m */ = {isa = PBXFileReference; lastKnownFileType = sourcecode.c.objc; path = AppDelegate.m; sourceTree = "<group>"; };
		E1551CB616F422AE00186AB9 /* CoreBluetooth.framework */ = {isa = PBXFileReference; lastKnownFileType = wrapper.framework; name = CoreBluetooth.framework; path = System/Library/Frameworks/CoreBluetooth.framework; sourceTree = SDKROOT; };
		E1551CB916F4267400186AB9 /* Debug.h */ = {isa = PBXFileReference; fileEncoding = 4; lastKnownFileType = sourcecode.c.h; path = Debug.h; sourceTree = "<group>"; };
		E18AE1F9201EDAC2003E2728 /* x.cpp */ = {isa = PBXFileReference; lastKnownFileType = sourcecode.cpp.cpp; path = x.cpp; sourceTree = "<group>"; };
		E18DA37E1FA04456007871AE /* Images.xcassets */ = {isa = PBXFileReference; lastKnownFileType = folder.assetcatalog; path = Images.xcassets; sourceTree = "<group>"; };
		E1B1F45B20215B8200749034 /* MyApp.h */ = {isa = PBXFileReference; lastKnownFileType = sourcecode.c.h; path = MyApp.h; sourceTree = "<group>"; };
		E1B1F45C20215B8200749034 /* MyApp.m */ = {isa = PBXFileReference; lastKnownFileType = sourcecode.c.objc; path = MyApp.m; sourceTree = "<group>"; };
		E1B1F45D20215B8200749034 /* MyButtons.h */ = {isa = PBXFileReference; lastKnownFileType = sourcecode.c.h; path = MyButtons.h; sourceTree = "<group>"; };
		E1B1F45E20215B8200749034 /* MyButtons.m */ = {isa = PBXFileReference; lastKnownFileType = sourcecode.c.objc; path = MyButtons.m; sourceTree = "<group>"; };
		E1B1F45F20215B8200749034 /* MyDevice.h */ = {isa = PBXFileReference; lastKnownFileType = sourcecode.c.h; path = MyDevice.h; sourceTree = "<group>"; };
		E1B1F46020215B8200749034 /* MyDevice.m */ = {isa = PBXFileReference; lastKnownFileType = sourcecode.c.objc; path = MyDevice.m; sourceTree = "<group>"; };
		E1B1F46120215B8200749034 /* MyImages.h */ = {isa = PBXFileReference; lastKnownFileType = sourcecode.c.h; path = MyImages.h; sourceTree = "<group>"; };
		E1B1F46220215B8200749034 /* MyImages.m */ = {isa = PBXFileReference; lastKnownFileType = sourcecode.c.objc; path = MyImages.m; sourceTree = "<group>"; };
		E1B1F46320215B8200749034 /* UIColor_MoreColors.h */ = {isa = PBXFileReference; lastKnownFileType = sourcecode.c.h; path = UIColor_MoreColors.h; sourceTree = "<group>"; };
		E1B1F46420215B8200749034 /* UIColor_MoreColors.m */ = {isa = PBXFileReference; lastKnownFileType = sourcecode.c.objc; path = UIColor_MoreColors.m; sourceTree = "<group>"; };
		E1E3DCCF1B25788800E47FF5 /* AVFoundation.framework */ = {isa = PBXFileReference; lastKnownFileType = wrapper.framework; name = AVFoundation.framework; path = System/Library/Frameworks/AVFoundation.framework; sourceTree = SDKROOT; };
		E1E897E62021651E0006164B /* Constants.h */ = {isa = PBXFileReference; lastKnownFileType = sourcecode.c.h; path = Constants.h; sourceTree = "<group>"; };
		E1E897E72021651E0006164B /* Constants.m */ = {isa = PBXFileReference; lastKnownFileType = sourcecode.c.objc; path = Constants.m; sourceTree = "<group>"; };
		E1E897EA2021659A0006164B /* MyTimer.h */ = {isa = PBXFileReference; lastKnownFileType = sourcecode.c.h; path = MyTimer.h; sourceTree = "<group>"; };
		E1E897EB2021659A0006164B /* MyTimer.m */ = {isa = PBXFileReference; lastKnownFileType = sourcecode.c.objc; path = MyTimer.m; sourceTree = "<group>"; };
		E1E897ED202165DA0006164B /* MyNonce.h */ = {isa = PBXFileReference; lastKnownFileType = sourcecode.c.h; path = MyNonce.h; sourceTree = "<group>"; };
		E1E897EE202165DA0006164B /* MyNonce.m */ = {isa = PBXFileReference; lastKnownFileType = sourcecode.c.objc; path = MyNonce.m; sourceTree = "<group>"; };
/* End PBXFileReference section */

/* Begin PBXFrameworksBuildPhase section */
		E1551C8D16F4224F00186AB9 /* Frameworks */ = {
			isa = PBXFrameworksBuildPhase;
			buildActionMask = 2147483647;
			files = (
				B7D075042110FEC2008BFF36 /* Security.framework in Frameworks */,
				B7D075002110E892008BFF36 /* libssl-iPhone.a in Frameworks */,
				B7D074FE2110E885008BFF36 /* libcrypto-iPhone.a in Frameworks */,
				11460B3F210AF90C00ABC385 /* QuartzCore.framework in Frameworks */,
				E1E3DCD01B25788800E47FF5 /* AVFoundation.framework in Frameworks */,
				E1551CB716F422AE00186AB9 /* CoreBluetooth.framework in Frameworks */,
				E11246B11FA071190071882D /* CoreGraphics.framework in Frameworks */,
				E11246AF1FA070F10071882D /* CoreImage.framework in Frameworks */,
				E1551C9616F4224F00186AB9 /* Foundation.framework in Frameworks */,
				E1551C9416F4224F00186AB9 /* UIKit.framework in Frameworks */,
			);
			runOnlyForDeploymentPostprocessing = 0;
		};
/* End PBXFrameworksBuildPhase section */

/* Begin PBXGroup section */
		113B088A210E822C0046127A /* Main */ = {
			isa = PBXGroup;
			children = (
				113B0891210E822C0046127A /* MainViewController.h */,
				113B0892210E822C0046127A /* MainViewController.m */,
				113B088B210E822C0046127A /* AuthView.h */,
				113B088C210E822C0046127A /* AuthView.m */,
				113B088D210E822C0046127A /* CertsView.h */,
				113B088E210E822C0046127A /* CertsView.m */,
				113B088F210E822C0046127A /* KeystoreView.h */,
				113B0890210E822C0046127A /* KeystoreView.m */,
				113B0893210E822C0046127A /* PACSView.h */,
				113B0894210E822C0046127A /* PACSView.m */,
			);
			path = Main;
			sourceTree = "<group>";
		};
		11DB445F210D4CDB00482CDC /* BLE */ = {
			isa = PBXGroup;
			children = (
				113B0887210E78B30046127A /* DHSGattProfile.h */,
				113B0886210E78B30046127A /* DHSGattProfile.m */,
				113B0880210E76C70046127A /* BLEPeripheral.h */,
				113B0881210E76C70046127A /* BLEPeripheral.m */,
				11DB4461210D4D1000482CDC /* BLEPeripheralController.h */,
				11DB4460210D4D1000482CDC /* BLEPeripheralController.m */,
				113B0883210E78170046127A /* BLECentralController.h */,
				113B0884210E78170046127A /* BLECentralController.m */,
			);
			path = BLE;
			sourceTree = "<group>";
		};
		B7D074F32110C9B4008BFF36 /* Opacity */ = {
			isa = PBXGroup;
			children = (
				B7D074F72110CA42008BFF36 /* OTP.h */,
				B7D074F52110CA2D008BFF36 /* OTP.m */,
				B7D0750521234EC7008BFF36 /* AppGlobals.h */,
				B7D07506212611D2008BFF36 /* AppGlobals.m */,
				B7D0750A212C7A79008BFF36 /* Opacity.h */,
				B7D07508212C7A6D008BFF36 /* Opacity.m */,
				B7D0750B212F3D3C008BFF36 /* OpacityParser.h */,
				B7D0750C212F3D54008BFF36 /* OpacityParser.m */,
			);
			path = Opacity;
			sourceTree = "<group>";
		};
		B7D074F42110CA14008BFF36 /* Credential */ = {
			isa = PBXGroup;
			children = (
				B7D074FC2110CBAA008BFF36 /* Generate.h */,
				B7D074FA2110CB9E008BFF36 /* Generate.m */,
			);
			path = Credential;
			sourceTree = "<group>";
		};
		E1551C8716F4224F00186AB9 = {
			isa = PBXGroup;
			children = (
				B7D074ED2110B63F008BFF36 /* readme.txt */,
				E1551C9916F4224F00186AB9 /* SelfSignedOpacity-BLE-iOS */,
				E1551C9216F4224F00186AB9 /* Frameworks */,
				E1551C9116F4224F00186AB9 /* Products */,
			);
			sourceTree = "<group>";
		};
		E1551C9116F4224F00186AB9 /* Products */ = {
			isa = PBXGroup;
			children = (
				E1551C9016F4224F00186AB9 /* SelfSignedOpacity-BLE-iOS.app */,
			);
			name = Products;
			sourceTree = "<group>";
		};
		E1551C9216F4224F00186AB9 /* Frameworks */ = {
			isa = PBXGroup;
			children = (
				B7D075032110FEC2008BFF36 /* Security.framework */,
				B7D074FF2110E892008BFF36 /* libssl-iPhone.a */,
				B7D074FD2110E885008BFF36 /* libcrypto-iPhone.a */,
				11460B3E210AF90B00ABC385 /* QuartzCore.framework */,
				E11246B01FA071190071882D /* CoreGraphics.framework */,
				E11246AE1FA070F10071882D /* CoreImage.framework */,
				E1E3DCCF1B25788800E47FF5 /* AVFoundation.framework */,
				E1551CB616F422AE00186AB9 /* CoreBluetooth.framework */,
				E1551C9316F4224F00186AB9 /* UIKit.framework */,
				E1551C9516F4224F00186AB9 /* Foundation.framework */,
			);
			name = Frameworks;
			sourceTree = "<group>";
		};
		E1551C9916F4224F00186AB9 /* SelfSignedOpacity-BLE-iOS */ = {
			isa = PBXGroup;
			children = (
				B7D074F42110CA14008BFF36 /* Credential */,
				B7D074F32110C9B4008BFF36 /* Opacity */,
				E1551C9B16F4224F00186AB9 /* SelfSignedOpacity-BLE-iOS-Info.plist */,
				E1551CA116F4224F00186AB9 /* SelfSignedOpacity-BLE-iOS-Prefix.pch */,
				E1551CB916F4267400186AB9 /* Debug.h */,
				E18AE1F9201EDAC2003E2728 /* x.cpp */,
				E1551C9F16F4224F00186AB9 /* main.mm */,
				E1551CA216F4224F00186AB9 /* AppDelegate.h */,
				E1551CA316F4224F00186AB9 /* AppDelegate.m */,
				E1B1F45A20215B8200749034 /* Helpers */,
				113B088A210E822C0046127A /* Main */,
				11DB445F210D4CDB00482CDC /* BLE */,
				E157FA6C201ABDE7009FC9D0 /* Resources */,
				E18DA37E1FA04456007871AE /* Images.xcassets */,
			);
			path = "SelfSignedOpacity-BLE-iOS";
			sourceTree = "<group>";
		};
		E157FA6C201ABDE7009FC9D0 /* Resources */ = {
			isa = PBXGroup;
			children = (
				E12922CD202028B500213FB8 /* greenbackground@3x.jpg */,
			);
			path = Resources;
			sourceTree = "<group>";
		};
		E1B1F45A20215B8200749034 /* Helpers */ = {
			isa = PBXGroup;
			children = (
				E1E897E62021651E0006164B /* Constants.h */,
				E1E897E72021651E0006164B /* Constants.m */,
				E1B1F45F20215B8200749034 /* MyDevice.h */,
				E1B1F46020215B8200749034 /* MyDevice.m */,
				E1B1F45B20215B8200749034 /* MyApp.h */,
				E1B1F45C20215B8200749034 /* MyApp.m */,
				E1B1F45D20215B8200749034 /* MyButtons.h */,
				E1B1F45E20215B8200749034 /* MyButtons.m */,
				E1B1F46120215B8200749034 /* MyImages.h */,
				E1B1F46220215B8200749034 /* MyImages.m */,
				E1E897ED202165DA0006164B /* MyNonce.h */,
				E1E897EE202165DA0006164B /* MyNonce.m */,
				E1E897EA2021659A0006164B /* MyTimer.h */,
				E1E897EB2021659A0006164B /* MyTimer.m */,
				E1B1F46320215B8200749034 /* UIColor_MoreColors.h */,
				E1B1F46420215B8200749034 /* UIColor_MoreColors.m */,
			);
			path = Helpers;
			sourceTree = "<group>";
		};
/* End PBXGroup section */

/* Begin PBXNativeTarget section */
		E1551C8F16F4224F00186AB9 /* SelfSignedOpacity-BLE-iOS */ = {
			isa = PBXNativeTarget;
			buildConfigurationList = E1551CB316F4224F00186AB9 /* Build configuration list for PBXNativeTarget "SelfSignedOpacity-BLE-iOS" */;
			buildPhases = (
				E1551C8C16F4224F00186AB9 /* Sources */,
				E1551C8D16F4224F00186AB9 /* Frameworks */,
				E1551C8E16F4224F00186AB9 /* Resources */,
			);
			buildRules = (
			);
			dependencies = (
			);
			name = "SelfSignedOpacity-BLE-iOS";
			productName = BlueServer;
			productReference = E1551C9016F4224F00186AB9 /* SelfSignedOpacity-BLE-iOS.app */;
			productType = "com.apple.product-type.application";
		};
/* End PBXNativeTarget section */

/* Begin PBXProject section */
		E1551C8816F4224F00186AB9 /* Project object */ = {
			isa = PBXProject;
			attributes = {
				CLASSPREFIX = TAP;
				LastUpgradeCheck = 0940;
				ORGANIZATIONNAME = TapBase;
				TargetAttributes = {
					E1551C8F16F4224F00186AB9 = {
						DevelopmentTeam = 7P9YA75LHK;
					};
				};
			};
			buildConfigurationList = E1551C8B16F4224F00186AB9 /* Build configuration list for PBXProject "SelfSignedOpacity-BLE-iOS" */;
			compatibilityVersion = "Xcode 3.2";
			developmentRegion = English;
			hasScannedForEncodings = 0;
			knownRegions = (
				en,
			);
			mainGroup = E1551C8716F4224F00186AB9;
			productRefGroup = E1551C9116F4224F00186AB9 /* Products */;
			projectDirPath = "";
			projectRoot = "";
			targets = (
				E1551C8F16F4224F00186AB9 /* SelfSignedOpacity-BLE-iOS */,
			);
		};
/* End PBXProject section */

/* Begin PBXResourcesBuildPhase section */
		E1551C8E16F4224F00186AB9 /* Resources */ = {
			isa = PBXResourcesBuildPhase;
			buildActionMask = 2147483647;
			files = (
				B7D074EE2110B63F008BFF36 /* readme.txt in Resources */,
				E12922CE202028DB00213FB8 /* greenbackground@3x.jpg in Resources */,
				E18DA37F1FA04456007871AE /* Images.xcassets in Resources */,
			);
			runOnlyForDeploymentPostprocessing = 0;
		};
/* End PBXResourcesBuildPhase section */

/* Begin PBXSourcesBuildPhase section */
		E1551C8C16F4224F00186AB9 /* Sources */ = {
			isa = PBXSourcesBuildPhase;
			buildActionMask = 2147483647;
			files = (
				E1B1F46620215B8D00749034 /* MyButtons.m in Sources */,
				113B0888210E78B30046127A /* DHSGattProfile.m in Sources */,
				113B0895210E822C0046127A /* AuthView.m in Sources */,
				E1B1F46920215B8D00749034 /* UIColor_MoreColors.m in Sources */,
				11DB4462210D4D1000482CDC /* BLEPeripheralController.m in Sources */,
				B7D07509212C7A6D008BFF36 /* Opacity.m in Sources */,
				E1B1F46520215B8700749034 /* MyApp.m in Sources */,
				B7D074F62110CA2D008BFF36 /* OTP.m in Sources */,
				113B0898210E822C0046127A /* MainViewController.m in Sources */,
				B7D074FB2110CB9E008BFF36 /* Generate.m in Sources */,
				E18AE1FA201EDAC2003E2728 /* x.cpp in Sources */,
				E1B1F46820215B8D00749034 /* MyImages.m in Sources */,
				B7D07507212611D2008BFF36 /* AppGlobals.m in Sources */,
				113B0897210E822C0046127A /* KeystoreView.m in Sources */,
				E1551CA016F4224F00186AB9 /* main.mm in Sources */,
				E1B1F46720215B8D00749034 /* MyDevice.m in Sources */,
				B7D0750D212F3D54008BFF36 /* OpacityParser.m in Sources */,
				E1E897EC2021659A0006164B /* MyTimer.m in Sources */,
				E1551CA416F4224F00186AB9 /* AppDelegate.m in Sources */,
				113B0896210E822C0046127A /* CertsView.m in Sources */,
				113B0899210E822C0046127A /* PACSView.m in Sources */,
				113B0882210E76C70046127A /* BLEPeripheral.m in Sources */,
				113B0885210E78170046127A /* BLECentralController.m in Sources */,
				E1E897EF202165DA0006164B /* MyNonce.m in Sources */,
				E1E897E92021651E0006164B /* Constants.m in Sources */,
			);
			runOnlyForDeploymentPostprocessing = 0;
		};
/* End PBXSourcesBuildPhase section */

/* Begin XCBuildConfiguration section */
		E1551CB116F4224F00186AB9 /* Debug */ = {
			isa = XCBuildConfiguration;
			buildSettings = {
				ALWAYS_SEARCH_USER_PATHS = YES;
				CLANG_CXX_LANGUAGE_STANDARD = "gnu++0x";
				CLANG_CXX_LIBRARY = "libc++";
				CLANG_WARN_BLOCK_CAPTURE_AUTORELEASING = YES;
				CLANG_WARN_BOOL_CONVERSION = YES;
				CLANG_WARN_COMMA = YES;
				CLANG_WARN_CONSTANT_CONVERSION = YES;
				CLANG_WARN_DEPRECATED_OBJC_IMPLEMENTATIONS = YES;
				CLANG_WARN_EMPTY_BODY = YES;
				CLANG_WARN_ENUM_CONVERSION = YES;
				CLANG_WARN_INFINITE_RECURSION = YES;
				CLANG_WARN_INT_CONVERSION = YES;
				CLANG_WARN_NON_LITERAL_NULL_CONVERSION = YES;
				CLANG_WARN_OBJC_IMPLICIT_RETAIN_SELF = YES;
				CLANG_WARN_OBJC_LITERAL_CONVERSION = YES;
				CLANG_WARN_RANGE_LOOP_ANALYSIS = YES;
				CLANG_WARN_STRICT_PROTOTYPES = YES;
				CLANG_WARN_SUSPICIOUS_MOVE = YES;
				CLANG_WARN_UNREACHABLE_CODE = YES;
				CLANG_WARN__DUPLICATE_METHOD_MATCH = YES;
				"CODE_SIGN_IDENTITY[sdk=iphoneos*]" = "iPhone Developer";
				COPY_PHASE_STRIP = NO;
				ENABLE_STRICT_OBJC_MSGSEND = YES;
				ENABLE_TESTABILITY = YES;
				GCC_C_LANGUAGE_STANDARD = gnu99;
				GCC_DYNAMIC_NO_PIC = NO;
				GCC_NO_COMMON_BLOCKS = YES;
				GCC_OPTIMIZATION_LEVEL = 0;
				GCC_PREPROCESSOR_DEFINITIONS = (
					"DEBUG=1",
					"$(inherited)",
				);
				GCC_SYMBOLS_PRIVATE_EXTERN = NO;
				GCC_WARN_64_TO_32_BIT_CONVERSION = YES;
				GCC_WARN_ABOUT_RETURN_TYPE = YES;
				GCC_WARN_UNDECLARED_SELECTOR = YES;
				GCC_WARN_UNINITIALIZED_AUTOS = YES;
				GCC_WARN_UNUSED_FUNCTION = YES;
				GCC_WARN_UNUSED_VARIABLE = YES;
				HEADER_SEARCH_PATHS = (
					"$(inherited)",
					/Applications/Xcode.app/Contents/Developer/Toolchains/XcodeDefault.xctoolchain/usr/include,
					"$(ERM_MYLIB)",
					"$(ERM_MYLIB)/Utility",
					"$(PROJECT_DIR)/OpenSSL/include/**",
				);
				IPHONEOS_DEPLOYMENT_TARGET = 9.3;
				LIBRARY_SEARCH_PATHS = "$(PROJECT_DIR)/OpenSSL/lib";
				ONLY_ACTIVE_ARCH = YES;
				SDKROOT = iphoneos;
				USER_HEADER_SEARCH_PATHS = "$(PROJECT_DIR)/OpenSSL/include/**";
				VALID_ARCHS = "armv7 armv7s arm64";
			};
			name = Debug;
		};
		E1551CB216F4224F00186AB9 /* Release */ = {
			isa = XCBuildConfiguration;
			buildSettings = {
				ALWAYS_SEARCH_USER_PATHS = YES;
				CLANG_CXX_LANGUAGE_STANDARD = "gnu++0x";
				CLANG_CXX_LIBRARY = "libc++";
				CLANG_WARN_BLOCK_CAPTURE_AUTORELEASING = YES;
				CLANG_WARN_BOOL_CONVERSION = YES;
				CLANG_WARN_COMMA = YES;
				CLANG_WARN_CONSTANT_CONVERSION = YES;
				CLANG_WARN_DEPRECATED_OBJC_IMPLEMENTATIONS = YES;
				CLANG_WARN_EMPTY_BODY = YES;
				CLANG_WARN_ENUM_CONVERSION = YES;
				CLANG_WARN_INFINITE_RECURSION = YES;
				CLANG_WARN_INT_CONVERSION = YES;
				CLANG_WARN_NON_LITERAL_NULL_CONVERSION = YES;
				CLANG_WARN_OBJC_IMPLICIT_RETAIN_SELF = YES;
				CLANG_WARN_OBJC_LITERAL_CONVERSION = YES;
				CLANG_WARN_RANGE_LOOP_ANALYSIS = YES;
				CLANG_WARN_STRICT_PROTOTYPES = YES;
				CLANG_WARN_SUSPICIOUS_MOVE = YES;
				CLANG_WARN_UNREACHABLE_CODE = YES;
				CLANG_WARN__DUPLICATE_METHOD_MATCH = YES;
				"CODE_SIGN_IDENTITY[sdk=iphoneos*]" = "iPhone Developer";
				COPY_PHASE_STRIP = YES;
				ENABLE_STRICT_OBJC_MSGSEND = YES;
				GCC_C_LANGUAGE_STANDARD = gnu99;
				GCC_NO_COMMON_BLOCKS = YES;
				GCC_WARN_64_TO_32_BIT_CONVERSION = YES;
				GCC_WARN_ABOUT_RETURN_TYPE = YES;
				GCC_WARN_UNDECLARED_SELECTOR = YES;
				GCC_WARN_UNINITIALIZED_AUTOS = YES;
				GCC_WARN_UNUSED_FUNCTION = YES;
				GCC_WARN_UNUSED_VARIABLE = YES;
				HEADER_SEARCH_PATHS = (
					"$(inherited)",
					/Applications/Xcode.app/Contents/Developer/Toolchains/XcodeDefault.xctoolchain/usr/include,
					"$(ERM_MYLIB)",
					"$(ERM_MYLIB)/Utility",
					"$(PROJECT_DIR)/OpenSSL/include/**",
				);
				IPHONEOS_DEPLOYMENT_TARGET = 9.3;
				LIBRARY_SEARCH_PATHS = "$(PROJECT_DIR)/OpenSSL/lib";
				OTHER_CFLAGS = "-DNS_BLOCK_ASSERTIONS=1";
				SDKROOT = iphoneos;
				USER_HEADER_SEARCH_PATHS = "$(PROJECT_DIR)/OpenSSL/include/**";
				VALIDATE_PRODUCT = YES;
				VALID_ARCHS = "armv7 armv7s arm64";
			};
			name = Release;
		};
		E1551CB416F4224F00186AB9 /* Debug */ = {
			isa = XCBuildConfiguration;
			buildSettings = {
				ALWAYS_SEARCH_USER_PATHS = YES;
				ASSETCATALOG_COMPILER_APPICON_NAME = AppIcon;
				ASSETCATALOG_COMPILER_LAUNCHIMAGE_NAME = LaunchImage;
				CLANG_ENABLE_OBJC_WEAK = YES;
				DEVELOPMENT_TEAM = 7P9YA75LHK;
				ENABLE_BITCODE = NO;
				FRAMEWORK_SEARCH_PATHS = (
					"$(PROJECT_DIR)",
					"$(PROJECT_DIR)/OpenSSL/**",
				);
				GCC_PRECOMPILE_PREFIX_HEADER = YES;
				GCC_PREFIX_HEADER = "SelfSignedOpacity-BLE-iOS/SelfSignedOpacity-BLE-iOS-Prefix.pch";
				HEADER_SEARCH_PATHS = (
					"$(inherited)",
					/Applications/Xcode.app/Contents/Developer/Toolchains/XcodeDefault.xctoolchain/usr/include,
					"$(ERM_MYLIB)",
					"$(PROJECT_DIR)/OpenSSL/include/**",
				);
				INFOPLIST_FILE = "$(SRCROOT)/SelfSignedOpacity-BLE-iOS/SelfSignedOpacity-BLE-iOS-Info.plist";
				IPHONEOS_DEPLOYMENT_TARGET = 11.4;
				LD_RUNPATH_SEARCH_PATHS = "$(inherited) @executable_path/Frameworks";
				LIBRARY_SEARCH_PATHS = (
					"$(PROJECT_DIR)/OpenSSL/lib/**",
					"$(inherited)",
					"$(PROJECT_DIR)",
					"$(PROJECT_DIR)/OpenSSL/lib",
				);
				PRODUCT_BUNDLE_IDENTIFIER = "com.exponent.SelfSignedOpacity-BLE-iOS";
				PRODUCT_NAME = "$(TARGET_NAME)";
				TARGETED_DEVICE_FAMILY = 1;
				USER_HEADER_SEARCH_PATHS = "$(PROJECT_DIR)/OpenSSL/include/**";
				USE_HEADERMAP = YES;
				WRAPPER_EXTENSION = app;
			};
			name = Debug;
		};
		E1551CB516F4224F00186AB9 /* Release */ = {
			isa = XCBuildConfiguration;
			buildSettings = {
				ALWAYS_SEARCH_USER_PATHS = YES;
				ASSETCATALOG_COMPILER_APPICON_NAME = AppIcon;
				ASSETCATALOG_COMPILER_LAUNCHIMAGE_NAME = LaunchImage;
				CLANG_ENABLE_OBJC_WEAK = YES;
				DEVELOPMENT_TEAM = 7P9YA75LHK;
				ENABLE_BITCODE = NO;
				FRAMEWORK_SEARCH_PATHS = (
					"$(PROJECT_DIR)",
					"$(PROJECT_DIR)/OpenSSL/**",
				);
				GCC_PRECOMPILE_PREFIX_HEADER = YES;
				GCC_PREFIX_HEADER = "SelfSignedOpacity-BLE-iOS/SelfSignedOpacity-BLE-iOS-Prefix.pch";
				HEADER_SEARCH_PATHS = (
					"$(inherited)",
					/Applications/Xcode.app/Contents/Developer/Toolchains/XcodeDefault.xctoolchain/usr/include,
					"$(ERM_MYLIB)",
					"$(PROJECT_DIR)/OpenSSL/include/**",
				);
				INFOPLIST_FILE = "$(SRCROOT)/SelfSignedOpacity-BLE-iOS/SelfSignedOpacity-BLE-iOS-Info.plist";
				IPHONEOS_DEPLOYMENT_TARGET = 11.4;
				LD_RUNPATH_SEARCH_PATHS = "$(inherited) @executable_path/Frameworks";
				LIBRARY_SEARCH_PATHS = (
					"$(PROJECT_DIR)/OpenSSL/lib/**",
					"$(inherited)",
					"$(PROJECT_DIR)",
					"$(PROJECT_DIR)/OpenSSL/lib",
				);
				PRODUCT_BUNDLE_IDENTIFIER = "com.exponent.SelfSignedOpacity-BLE-iOS";
				PRODUCT_NAME = "$(TARGET_NAME)";
				TARGETED_DEVICE_FAMILY = 1;
				USER_HEADER_SEARCH_PATHS = "$(PROJECT_DIR)/OpenSSL/include/**";
				USE_HEADERMAP = YES;
				WRAPPER_EXTENSION = app;
			};
			name = Release;
		};
/* End XCBuildConfiguration section */

/* Begin XCConfigurationList section */
		E1551C8B16F4224F00186AB9 /* Build configuration list for PBXProject "SelfSignedOpacity-BLE-iOS" */ = {
			isa = XCConfigurationList;
			buildConfigurations = (
				E1551CB116F4224F00186AB9 /* Debug */,
				E1551CB216F4224F00186AB9 /* Release */,
			);
			defaultConfigurationIsVisible = 0;
			defaultConfigurationName = Release;
		};
		E1551CB316F4224F00186AB9 /* Build configuration list for PBXNativeTarget "SelfSignedOpacity-BLE-iOS" */ = {
			isa = XCConfigurationList;
			buildConfigurations = (
				E1551CB416F4224F00186AB9 /* Debug */,
				E1551CB516F4224F00186AB9 /* Release */,
			);
			defaultConfigurationIsVisible = 0;
			defaultConfigurationName = Release;
		};
/* End XCConfigurationList section */
	};
	rootObject = E1551C8816F4224F00186AB9 /* Project object */;
}
